// !$*UTF8*$!
{
	archiveVersion = 1;
	classes = {
	};
	objectVersion = 56;
	objects = {

/* Begin PBXBuildFile section */
		ED101DA92B357150004ED7AF /* AppDelegate.swift in Sources */ = {isa = PBXBuildFile; fileRef = ED101DA82B357150004ED7AF /* AppDelegate.swift */; };
		ED101DAB2B357150004ED7AF /* SceneDelegate.swift in Sources */ = {isa = PBXBuildFile; fileRef = ED101DAA2B357150004ED7AF /* SceneDelegate.swift */; };
		ED101DAD2B357150004ED7AF /* HomeViewController.swift in Sources */ = {isa = PBXBuildFile; fileRef = ED101DAC2B357150004ED7AF /* HomeViewController.swift */; };
		ED101DB02B357150004ED7AF /* Main.storyboard in Resources */ = {isa = PBXBuildFile; fileRef = ED101DAE2B357150004ED7AF /* Main.storyboard */; };
		ED101DB32B357150004ED7AF /* GalleryApp.xcdatamodeld in Sources */ = {isa = PBXBuildFile; fileRef = ED101DB12B357150004ED7AF /* GalleryApp.xcdatamodeld */; };
		ED101DB52B357152004ED7AF /* Assets.xcassets in Resources */ = {isa = PBXBuildFile; fileRef = ED101DB42B357152004ED7AF /* Assets.xcassets */; };
		ED101DB82B357152004ED7AF /* LaunchScreen.storyboard in Resources */ = {isa = PBXBuildFile; fileRef = ED101DB62B357152004ED7AF /* LaunchScreen.storyboard */; };
		ED101DC82B357293004ED7AF /* ImageModel.swift in Sources */ = {isa = PBXBuildFile; fileRef = ED101DC72B357293004ED7AF /* ImageModel.swift */; };
		ED101DCB2B35731A004ED7AF /* ImageTableViewCell.swift in Sources */ = {isa = PBXBuildFile; fileRef = ED101DC92B35731A004ED7AF /* ImageTableViewCell.swift */; };
		ED101DCC2B35731A004ED7AF /* ImageTableViewCell.xib in Resources */ = {isa = PBXBuildFile; fileRef = ED101DCA2B35731A004ED7AF /* ImageTableViewCell.xib */; };
		ED101DCE2B3573A9004ED7AF /* LikeImageViewController.swift in Sources */ = {isa = PBXBuildFile; fileRef = ED101DCD2B3573A9004ED7AF /* LikeImageViewController.swift */; };
		ED101DD02B3573BB004ED7AF /* ImageDetailsViewController.swift in Sources */ = {isa = PBXBuildFile; fileRef = ED101DCF2B3573BB004ED7AF /* ImageDetailsViewController.swift */; };
		ED101F302B3574D6004ED7AF /* UIView+Extension.swift in Sources */ = {isa = PBXBuildFile; fileRef = ED101F2F2B3574D5004ED7AF /* UIView+Extension.swift */; };
		ED101F342B357C52004ED7AF /* APICalling.swift in Sources */ = {isa = PBXBuildFile; fileRef = ED101F332B357C52004ED7AF /* APICalling.swift */; };
		ED101F372B3580AD004ED7AF /* UserDefault.swift in Sources */ = {isa = PBXBuildFile; fileRef = ED101F362B3580AD004ED7AF /* UserDefault.swift */; };
		ED101F392B3580BF004ED7AF /* CoreDataFile.swift in Sources */ = {isa = PBXBuildFile; fileRef = ED101F382B3580BF004ED7AF /* CoreDataFile.swift */; };
		ED101F3C2B3580CC004ED7AF /* CommonConstants.swift in Sources */ = {isa = PBXBuildFile; fileRef = ED101F3B2B3580CB004ED7AF /* CommonConstants.swift */; };
		ED101F782B35892C004ED7AF /* DocumentDirectory.swift in Sources */ = {isa = PBXBuildFile; fileRef = ED101F612B35892A004ED7AF /* DocumentDirectory.swift */; };
/* End PBXBuildFile section */

/* Begin PBXFileReference section */
		ED101DA52B357150004ED7AF /* GalleryApp.app */ = {isa = PBXFileReference; explicitFileType = wrapper.application; includeInIndex = 0; path = GalleryApp.app; sourceTree = BUILT_PRODUCTS_DIR; };
		ED101DA82B357150004ED7AF /* AppDelegate.swift */ = {isa = PBXFileReference; lastKnownFileType = sourcecode.swift; path = AppDelegate.swift; sourceTree = "<group>"; };
		ED101DAA2B357150004ED7AF /* SceneDelegate.swift */ = {isa = PBXFileReference; lastKnownFileType = sourcecode.swift; path = SceneDelegate.swift; sourceTree = "<group>"; };
		ED101DAC2B357150004ED7AF /* HomeViewController.swift */ = {isa = PBXFileReference; lastKnownFileType = sourcecode.swift; path = HomeViewController.swift; sourceTree = "<group>"; };
		ED101DAF2B357150004ED7AF /* Base */ = {isa = PBXFileReference; lastKnownFileType = file.storyboard; name = Base; path = Base.lproj/Main.storyboard; sourceTree = "<group>"; };
		ED101DB22B357150004ED7AF /* GalleryApp.xcdatamodel */ = {isa = PBXFileReference; lastKnownFileType = wrapper.xcdatamodel; path = GalleryApp.xcdatamodel; sourceTree = "<group>"; };
		ED101DB42B357152004ED7AF /* Assets.xcassets */ = {isa = PBXFileReference; lastKnownFileType = folder.assetcatalog; path = Assets.xcassets; sourceTree = "<group>"; };
		ED101DB72B357152004ED7AF /* Base */ = {isa = PBXFileReference; lastKnownFileType = file.storyboard; name = Base; path = Base.lproj/LaunchScreen.storyboard; sourceTree = "<group>"; };
		ED101DB92B357152004ED7AF /* Info.plist */ = {isa = PBXFileReference; lastKnownFileType = text.plist.xml; path = Info.plist; sourceTree = "<group>"; };
		ED101DC72B357293004ED7AF /* ImageModel.swift */ = {isa = PBXFileReference; lastKnownFileType = sourcecode.swift; path = ImageModel.swift; sourceTree = "<group>"; };
		ED101DC92B35731A004ED7AF /* ImageTableViewCell.swift */ = {isa = PBXFileReference; lastKnownFileType = sourcecode.swift; path = ImageTableViewCell.swift; sourceTree = "<group>"; };
		ED101DCA2B35731A004ED7AF /* ImageTableViewCell.xib */ = {isa = PBXFileReference; lastKnownFileType = file.xib; path = ImageTableViewCell.xib; sourceTree = "<group>"; };
		ED101DCD2B3573A9004ED7AF /* LikeImageViewController.swift */ = {isa = PBXFileReference; lastKnownFileType = sourcecode.swift; path = LikeImageViewController.swift; sourceTree = "<group>"; };
		ED101DCF2B3573BB004ED7AF /* ImageDetailsViewController.swift */ = {isa = PBXFileReference; lastKnownFileType = sourcecode.swift; path = ImageDetailsViewController.swift; sourceTree = "<group>"; };
		ED101F2F2B3574D5004ED7AF /* UIView+Extension.swift */ = {isa = PBXFileReference; fileEncoding = 4; lastKnownFileType = sourcecode.swift; path = "UIView+Extension.swift"; sourceTree = "<group>"; };
		ED101F332B357C52004ED7AF /* APICalling.swift */ = {isa = PBXFileReference; lastKnownFileType = sourcecode.swift; path = APICalling.swift; sourceTree = "<group>"; };
		ED101F362B3580AD004ED7AF /* UserDefault.swift */ = {isa = PBXFileReference; fileEncoding = 4; lastKnownFileType = sourcecode.swift; path = UserDefault.swift; sourceTree = "<group>"; };
		ED101F382B3580BF004ED7AF /* CoreDataFile.swift */ = {isa = PBXFileReference; fileEncoding = 4; lastKnownFileType = sourcecode.swift; path = CoreDataFile.swift; sourceTree = "<group>"; };
		ED101F3B2B3580CB004ED7AF /* CommonConstants.swift */ = {isa = PBXFileReference; fileEncoding = 4; lastKnownFileType = sourcecode.swift; path = CommonConstants.swift; sourceTree = "<group>"; };
		ED101F612B35892A004ED7AF /* DocumentDirectory.swift */ = {isa = PBXFileReference; fileEncoding = 4; lastKnownFileType = sourcecode.swift; path = DocumentDirectory.swift; sourceTree = "<group>"; };
/* End PBXFileReference section */

/* Begin PBXFrameworksBuildPhase section */
		ED101DA22B357150004ED7AF /* Frameworks */ = {
			isa = PBXFrameworksBuildPhase;
			buildActionMask = 2147483647;
			files = (
			);
			runOnlyForDeploymentPostprocessing = 0;
		};
/* End PBXFrameworksBuildPhase section */

/* Begin PBXGroup section */
		ED101D9C2B357150004ED7AF = {
			isa = PBXGroup;
			children = (
				ED101DA72B357150004ED7AF /* GalleryApp */,
				ED101DA62B357150004ED7AF /* Products */,
			);
			sourceTree = "<group>";
		};
		ED101DA62B357150004ED7AF /* Products */ = {
			isa = PBXGroup;
			children = (
				ED101DA52B357150004ED7AF /* GalleryApp.app */,
			);
			name = Products;
			sourceTree = "<group>";
		};
		ED101DA72B357150004ED7AF /* GalleryApp */ = {
			isa = PBXGroup;
			children = (
				ED101DC52B35720F004ED7AF /* CommonFunction */,
				ED101DBF2B357182004ED7AF /* SupportingFile */,
				ED101DC02B35719E004ED7AF /* Module */,
				ED101DC12B3571B0004ED7AF /* StoryBoard */,
				ED101DB92B357152004ED7AF /* Info.plist */,
			);
			path = GalleryApp;
			sourceTree = "<group>";
		};
		ED101DBF2B357182004ED7AF /* SupportingFile */ = {
			isa = PBXGroup;
			children = (
				ED101DA82B357150004ED7AF /* AppDelegate.swift */,
				ED101DAA2B357150004ED7AF /* SceneDelegate.swift */,
				ED101DB42B357152004ED7AF /* Assets.xcassets */,
			);
			path = SupportingFile;
			sourceTree = "<group>";
		};
		ED101DC02B35719E004ED7AF /* Module */ = {
			isa = PBXGroup;
			children = (
				ED101DC42B3571D8004ED7AF /* Cell */,
				ED101DC32B3571CC004ED7AF /* Model */,
				ED101DC22B3571BF004ED7AF /* Controller */,
			);
			path = Module;
			sourceTree = "<group>";
		};
		ED101DC12B3571B0004ED7AF /* StoryBoard */ = {
			isa = PBXGroup;
			children = (
				ED101DB62B357152004ED7AF /* LaunchScreen.storyboard */,
				ED101DAE2B357150004ED7AF /* Main.storyboard */,
			);
			path = StoryBoard;
			sourceTree = "<group>";
		};
		ED101DC22B3571BF004ED7AF /* Controller */ = {
			isa = PBXGroup;
			children = (
				ED101DAC2B357150004ED7AF /* HomeViewController.swift */,
				ED101DCD2B3573A9004ED7AF /* LikeImageViewController.swift */,
				ED101DCF2B3573BB004ED7AF /* ImageDetailsViewController.swift */,
			);
			path = Controller;
			sourceTree = "<group>";
		};
		ED101DC32B3571CC004ED7AF /* Model */ = {
			isa = PBXGroup;
			children = (
				ED101DC72B357293004ED7AF /* ImageModel.swift */,
			);
			path = Model;
			sourceTree = "<group>";
		};
		ED101DC42B3571D8004ED7AF /* Cell */ = {
			isa = PBXGroup;
			children = (
				ED101DC92B35731A004ED7AF /* ImageTableViewCell.swift */,
				ED101DCA2B35731A004ED7AF /* ImageTableViewCell.xib */,
			);
			path = Cell;
			sourceTree = "<group>";
		};
		ED101DC52B35720F004ED7AF /* CommonFunction */ = {
			isa = PBXGroup;
			children = (
				ED101F612B35892A004ED7AF /* DocumentDirectory.swift */,
				ED101F3A2B3580CB004ED7AF /* Constants */,
				ED101F352B3580AD004ED7AF /* UsreDefault */,
				ED101F322B357C3F004ED7AF /* APICall */,
				ED101F312B3574F3004ED7AF /* Extension */,
				ED101DC62B357225004ED7AF /* CoreData */,
			);
			path = CommonFunction;
			sourceTree = "<group>";
		};
		ED101DC62B357225004ED7AF /* CoreData */ = {
			isa = PBXGroup;
			children = (
				ED101F382B3580BF004ED7AF /* CoreDataFile.swift */,
				ED101DB12B357150004ED7AF /* GalleryApp.xcdatamodeld */,
			);
			path = CoreData;
			sourceTree = "<group>";
		};
		ED101F312B3574F3004ED7AF /* Extension */ = {
			isa = PBXGroup;
			children = (
				ED101F2F2B3574D5004ED7AF /* UIView+Extension.swift */,
			);
			path = Extension;
			sourceTree = "<group>";
		};
		ED101F322B357C3F004ED7AF /* APICall */ = {
			isa = PBXGroup;
			children = (
				ED101F332B357C52004ED7AF /* APICalling.swift */,
			);
			path = APICall;
			sourceTree = "<group>";
		};
		ED101F352B3580AD004ED7AF /* UsreDefault */ = {
			isa = PBXGroup;
			children = (
				ED101F362B3580AD004ED7AF /* UserDefault.swift */,
			);
			path = UsreDefault;
			sourceTree = "<group>";
		};
		ED101F3A2B3580CB004ED7AF /* Constants */ = {
			isa = PBXGroup;
			children = (
				ED101F3B2B3580CB004ED7AF /* CommonConstants.swift */,
			);
			path = Constants;
			sourceTree = "<group>";
		};
/* End PBXGroup section */

/* Begin PBXNativeTarget section */
		ED101DA42B357150004ED7AF /* GalleryApp */ = {
			isa = PBXNativeTarget;
			buildConfigurationList = ED101DBC2B357152004ED7AF /* Build configuration list for PBXNativeTarget "GalleryApp" */;
			buildPhases = (
				ED101DA12B357150004ED7AF /* Sources */,
				ED101DA22B357150004ED7AF /* Frameworks */,
				ED101DA32B357150004ED7AF /* Resources */,
			);
			buildRules = (
			);
			dependencies = (
			);
			name = GalleryApp;
			productName = GalleryApp;
			productReference = ED101DA52B357150004ED7AF /* GalleryApp.app */;
			productType = "com.apple.product-type.application";
		};
/* End PBXNativeTarget section */

/* Begin PBXProject section */
		ED101D9D2B357150004ED7AF /* Project object */ = {
			isa = PBXProject;
			attributes = {
				BuildIndependentTargetsInParallel = 1;
				LastSwiftUpdateCheck = 1430;
				LastUpgradeCheck = 1430;
				TargetAttributes = {
					ED101DA42B357150004ED7AF = {
						CreatedOnToolsVersion = 14.3.1;
					};
				};
			};
			buildConfigurationList = ED101DA02B357150004ED7AF /* Build configuration list for PBXProject "GalleryApp" */;
			compatibilityVersion = "Xcode 14.0";
			developmentRegion = en;
			hasScannedForEncodings = 0;
			knownRegions = (
				en,
				Base,
			);
			mainGroup = ED101D9C2B357150004ED7AF;
			productRefGroup = ED101DA62B357150004ED7AF /* Products */;
			projectDirPath = "";
			projectRoot = "";
			targets = (
				ED101DA42B357150004ED7AF /* GalleryApp */,
			);
		};
/* End PBXProject section */

/* Begin PBXResourcesBuildPhase section */
		ED101DA32B357150004ED7AF /* Resources */ = {
			isa = PBXResourcesBuildPhase;
			buildActionMask = 2147483647;
			files = (
				ED101DB82B357152004ED7AF /* LaunchScreen.storyboard in Resources */,
				ED101DCC2B35731A004ED7AF /* ImageTableViewCell.xib in Resources */,
				ED101DB52B357152004ED7AF /* Assets.xcassets in Resources */,
				ED101DB02B357150004ED7AF /* Main.storyboard in Resources */,
			);
			runOnlyForDeploymentPostprocessing = 0;
		};
/* End PBXResourcesBuildPhase section */

/* Begin PBXSourcesBuildPhase section */
		ED101DA12B357150004ED7AF /* Sources */ = {
			isa = PBXSourcesBuildPhase;
			buildActionMask = 2147483647;
			files = (
				ED101F3C2B3580CC004ED7AF /* CommonConstants.swift in Sources */,
				ED101F302B3574D6004ED7AF /* UIView+Extension.swift in Sources */,
				ED101F782B35892C004ED7AF /* DocumentDirectory.swift in Sources */,
				ED101DB32B357150004ED7AF /* GalleryApp.xcdatamodeld in Sources */,
				ED101DC82B357293004ED7AF /* ImageModel.swift in Sources */,
				ED101F372B3580AD004ED7AF /* UserDefault.swift in Sources */,
				ED101F342B357C52004ED7AF /* APICalling.swift in Sources */,
				ED101DAD2B357150004ED7AF /* HomeViewController.swift in Sources */,
				ED101DCB2B35731A004ED7AF /* ImageTableViewCell.swift in Sources */,
				ED101DA92B357150004ED7AF /* AppDelegate.swift in Sources */,
				ED101F392B3580BF004ED7AF /* CoreDataFile.swift in Sources */,
				ED101DAB2B357150004ED7AF /* SceneDelegate.swift in Sources */,
				ED101DD02B3573BB004ED7AF /* ImageDetailsViewController.swift in Sources */,
				ED101DCE2B3573A9004ED7AF /* LikeImageViewController.swift in Sources */,
			);
			runOnlyForDeploymentPostprocessing = 0;
		};
/* End PBXSourcesBuildPhase section */

/* Begin PBXVariantGroup section */
		ED101DAE2B357150004ED7AF /* Main.storyboard */ = {
			isa = PBXVariantGroup;
			children = (
				ED101DAF2B357150004ED7AF /* Base */,
			);
			name = Main.storyboard;
			sourceTree = "<group>";
		};
		ED101DB62B357152004ED7AF /* LaunchScreen.storyboard */ = {
			isa = PBXVariantGroup;
			children = (
				ED101DB72B357152004ED7AF /* Base */,
			);
			name = LaunchScreen.storyboard;
			sourceTree = "<group>";
		};
/* End PBXVariantGroup section */

/* Begin XCBuildConfiguration section */
		ED101DBA2B357152004ED7AF /* Debug */ = {
			isa = XCBuildConfiguration;
			buildSettings = {
				ALWAYS_SEARCH_USER_PATHS = NO;
				CLANG_ANALYZER_NONNULL = YES;
				CLANG_ANALYZER_NUMBER_OBJECT_CONVERSION = YES_AGGRESSIVE;
				CLANG_CXX_LANGUAGE_STANDARD = "gnu++20";
				CLANG_ENABLE_MODULES = YES;
				CLANG_ENABLE_OBJC_ARC = YES;
				CLANG_ENABLE_OBJC_WEAK = YES;
				CLANG_WARN_BLOCK_CAPTURE_AUTORELEASING = YES;
				CLANG_WARN_BOOL_CONVERSION = YES;
				CLANG_WARN_COMMA = YES;
				CLANG_WARN_CONSTANT_CONVERSION = YES;
				CLANG_WARN_DEPRECATED_OBJC_IMPLEMENTATIONS = YES;
				CLANG_WARN_DIRECT_OBJC_ISA_USAGE = YES_ERROR;
				CLANG_WARN_DOCUMENTATION_COMMENTS = YES;
				CLANG_WARN_EMPTY_BODY = YES;
				CLANG_WARN_ENUM_CONVERSION = YES;
				CLANG_WARN_INFINITE_RECURSION = YES;
				CLANG_WARN_INT_CONVERSION = YES;
				CLANG_WARN_NON_LITERAL_NULL_CONVERSION = YES;
				CLANG_WARN_OBJC_IMPLICIT_RETAIN_SELF = YES;
				CLANG_WARN_OBJC_LITERAL_CONVERSION = YES;
				CLANG_WARN_OBJC_ROOT_CLASS = YES_ERROR;
				CLANG_WARN_QUOTED_INCLUDE_IN_FRAMEWORK_HEADER = YES;
				CLANG_WARN_RANGE_LOOP_ANALYSIS = YES;
				CLANG_WARN_STRICT_PROTOTYPES = YES;
				CLANG_WARN_SUSPICIOUS_MOVE = YES;
				CLANG_WARN_UNGUARDED_AVAILABILITY = YES_AGGRESSIVE;
				CLANG_WARN_UNREACHABLE_CODE = YES;
				CLANG_WARN__DUPLICATE_METHOD_MATCH = YES;
				COPY_PHASE_STRIP = NO;
				DEBUG_INFORMATION_FORMAT = dwarf;
				ENABLE_STRICT_OBJC_MSGSEND = YES;
				ENABLE_TESTABILITY = YES;
				GCC_C_LANGUAGE_STANDARD = gnu11;
				GCC_DYNAMIC_NO_PIC = NO;
				GCC_NO_COMMON_BLOCKS = YES;
				GCC_OPTIMIZATION_LEVEL = 0;
				GCC_PREPROCESSOR_DEFINITIONS = (
					"DEBUG=1",
					"$(inherited)",
				);
				GCC_WARN_64_TO_32_BIT_CONVERSION = YES;
				GCC_WARN_ABOUT_RETURN_TYPE = YES_ERROR;
				GCC_WARN_UNDECLARED_SELECTOR = YES;
				GCC_WARN_UNINITIALIZED_AUTOS = YES_AGGRESSIVE;
				GCC_WARN_UNUSED_FUNCTION = YES;
				GCC_WARN_UNUSED_VARIABLE = YES;
				IPHONEOS_DEPLOYMENT_TARGET = 16.4;
				MTL_ENABLE_DEBUG_INFO = INCLUDE_SOURCE;
				MTL_FAST_MATH = YES;
				ONLY_ACTIVE_ARCH = YES;
				SDKROOT = iphoneos;
				SWIFT_ACTIVE_COMPILATION_CONDITIONS = DEBUG;
				SWIFT_OPTIMIZATION_LEVEL = "-Onone";
			};
			name = Debug;
		};
		ED101DBB2B357152004ED7AF /* Release */ = {
			isa = XCBuildConfiguration;
			buildSettings = {
				ALWAYS_SEARCH_USER_PATHS = NO;
				CLANG_ANALYZER_NONNULL = YES;
				CLANG_ANALYZER_NUMBER_OBJECT_CONVERSION = YES_AGGRESSIVE;
				CLANG_CXX_LANGUAGE_STANDARD = "gnu++20";
				CLANG_ENABLE_MODULES = YES;
				CLANG_ENABLE_OBJC_ARC = YES;
				CLANG_ENABLE_OBJC_WEAK = YES;
				CLANG_WARN_BLOCK_CAPTURE_AUTORELEASING = YES;
				CLANG_WARN_BOOL_CONVERSION = YES;
				CLANG_WARN_COMMA = YES;
				CLANG_WARN_CONSTANT_CONVERSION = YES;
				CLANG_WARN_DEPRECATED_OBJC_IMPLEMENTATIONS = YES;
				CLANG_WARN_DIRECT_OBJC_ISA_USAGE = YES_ERROR;
				CLANG_WARN_DOCUMENTATION_COMMENTS = YES;
				CLANG_WARN_EMPTY_BODY = YES;
				CLANG_WARN_ENUM_CONVERSION = YES;
				CLANG_WARN_INFINITE_RECURSION = YES;
				CLANG_WARN_INT_CONVERSION = YES;
				CLANG_WARN_NON_LITERAL_NULL_CONVERSION = YES;
				CLANG_WARN_OBJC_IMPLICIT_RETAIN_SELF = YES;
				CLANG_WARN_OBJC_LITERAL_CONVERSION = YES;
				CLANG_WARN_OBJC_ROOT_CLASS = YES_ERROR;
				CLANG_WARN_QUOTED_INCLUDE_IN_FRAMEWORK_HEADER = YES;
				CLANG_WARN_RANGE_LOOP_ANALYSIS = YES;
				CLANG_WARN_STRICT_PROTOTYPES = YES;
				CLANG_WARN_SUSPICIOUS_MOVE = YES;
				CLANG_WARN_UNGUARDED_AVAILABILITY = YES_AGGRESSIVE;
				CLANG_WARN_UNREACHABLE_CODE = YES;
				CLANG_WARN__DUPLICATE_METHOD_MATCH = YES;
				COPY_PHASE_STRIP = NO;
				DEBUG_INFORMATION_FORMAT = "dwarf-with-dsym";
				ENABLE_NS_ASSERTIONS = NO;
				ENABLE_STRICT_OBJC_MSGSEND = YES;
				GCC_C_LANGUAGE_STANDARD = gnu11;
				GCC_NO_COMMON_BLOCKS = YES;
				GCC_WARN_64_TO_32_BIT_CONVERSION = YES;
				GCC_WARN_ABOUT_RETURN_TYPE = YES_ERROR;
				GCC_WARN_UNDECLARED_SELECTOR = YES;
				GCC_WARN_UNINITIALIZED_AUTOS = YES_AGGRESSIVE;
				GCC_WARN_UNUSED_FUNCTION = YES;
				GCC_WARN_UNUSED_VARIABLE = YES;
				IPHONEOS_DEPLOYMENT_TARGET = 16.4;
				MTL_ENABLE_DEBUG_INFO = NO;
				MTL_FAST_MATH = YES;
				SDKROOT = iphoneos;
				SWIFT_COMPILATION_MODE = wholemodule;
				SWIFT_OPTIMIZATION_LEVEL = "-O";
				VALIDATE_PRODUCT = YES;
			};
			name = Release;
		};
		ED101DBD2B357152004ED7AF /* Debug */ = {
			isa = XCBuildConfiguration;
			buildSettings = {
				ASSETCATALOG_COMPILER_APPICON_NAME = AppIcon;
				ASSETCATALOG_COMPILER_GLOBAL_ACCENT_COLOR_NAME = AccentColor;
				CODE_SIGN_STYLE = Automatic;
				CURRENT_PROJECT_VERSION = 1;
				GENERATE_INFOPLIST_FILE = YES;
				INFOPLIST_FILE = GalleryApp/Info.plist;
				INFOPLIST_KEY_UIApplicationSupportsIndirectInputEvents = YES;
				INFOPLIST_KEY_UILaunchStoryboardName = LaunchScreen;
				INFOPLIST_KEY_UIMainStoryboardFile = Main;
				INFOPLIST_KEY_UISupportedInterfaceOrientations_iPad = "UIInterfaceOrientationPortrait UIInterfaceOrientationPortraitUpsideDown UIInterfaceOrientationLandscapeLeft UIInterfaceOrientationLandscapeRight";
				INFOPLIST_KEY_UISupportedInterfaceOrientations_iPhone = "UIInterfaceOrientationPortrait UIInterfaceOrientationLandscapeLeft UIInterfaceOrientationLandscapeRight";
				LD_RUNPATH_SEARCH_PATHS = (
					"$(inherited)",
					"@executable_path/Frameworks",
				);
				MARKETING_VERSION = 1.0;
				PRODUCT_BUNDLE_IDENTIFIER = com.akanksha.GalleryApp;
				PRODUCT_NAME = "$(TARGET_NAME)";
				SWIFT_EMIT_LOC_STRINGS = YES;
				SWIFT_VERSION = 5.0;
				TARGETED_DEVICE_FAMILY = "1,2";
			};
			name = Debug;
		};
		ED101DBE2B357152004ED7AF /* Release */ = {
			isa = XCBuildConfiguration;
			buildSettings = {
				ASSETCATALOG_COMPILER_APPICON_NAME = AppIcon;
				ASSETCATALOG_COMPILER_GLOBAL_ACCENT_COLOR_NAME = AccentColor;
				CODE_SIGN_STYLE = Automatic;
				CURRENT_PROJECT_VERSION = 1;
				GENERATE_INFOPLIST_FILE = YES;
				INFOPLIST_FILE = GalleryApp/Info.plist;
				INFOPLIST_KEY_UIApplicationSupportsIndirectInputEvents = YES;
				INFOPLIST_KEY_UILaunchStoryboardName = LaunchScreen;
				INFOPLIST_KEY_UIMainStoryboardFile = Main;
				INFOPLIST_KEY_UISupportedInterfaceOrientations_iPad = "UIInterfaceOrientationPortrait UIInterfaceOrientationPortraitUpsideDown UIInterfaceOrientationLandscapeLeft UIInterfaceOrientationLandscapeRight";
				INFOPLIST_KEY_UISupportedInterfaceOrientations_iPhone = "UIInterfaceOrientationPortrait UIInterfaceOrientationLandscapeLeft UIInterfaceOrientationLandscapeRight";
				LD_RUNPATH_SEARCH_PATHS = (
					"$(inherited)",
					"@executable_path/Frameworks",
				);
				MARKETING_VERSION = 1.0;
				PRODUCT_BUNDLE_IDENTIFIER = com.akanksha.GalleryApp;
				PRODUCT_NAME = "$(TARGET_NAME)";
				SWIFT_EMIT_LOC_STRINGS = YES;
				SWIFT_VERSION = 5.0;
				TARGETED_DEVICE_FAMILY = "1,2";
			};
			name = Release;
		};
/* End XCBuildConfiguration section */

/* Begin XCConfigurationList section */
		ED101DA02B357150004ED7AF /* Build configuration list for PBXProject "GalleryApp" */ = {
			isa = XCConfigurationList;
			buildConfigurations = (
				ED101DBA2B357152004ED7AF /* Debug */,
				ED101DBB2B357152004ED7AF /* Release */,
			);
			defaultConfigurationIsVisible = 0;
			defaultConfigurationName = Release;
		};
		ED101DBC2B357152004ED7AF /* Build configuration list for PBXNativeTarget "GalleryApp" */ = {
			isa = XCConfigurationList;
			buildConfigurations = (
				ED101DBD2B357152004ED7AF /* Debug */,
				ED101DBE2B357152004ED7AF /* Release */,
			);
			defaultConfigurationIsVisible = 0;
			defaultConfigurationName = Release;
		};
/* End XCConfigurationList section */

/* Begin XCVersionGroup section */
		ED101DB12B357150004ED7AF /* GalleryApp.xcdatamodeld */ = {
			isa = XCVersionGroup;
			children = (
				ED101DB22B357150004ED7AF /* GalleryApp.xcdatamodel */,
			);
			currentVersion = ED101DB22B357150004ED7AF /* GalleryApp.xcdatamodel */;
			path = GalleryApp.xcdatamodeld;
			sourceTree = "<group>";
			versionGroupType = wrapper.xcdatamodel;
		};
/* End XCVersionGroup section */
	};
	rootObject = ED101D9D2B357150004ED7AF /* Project object */;
}
